
Microsoft Visual Studio Solution File, Format Version 12.00
# Visual Studio Version 17
VisualStudioVersion = 17.5.002.0
MinimumVisualStudioVersion = 10.0.40219.1
Project("{9A19103F-16F7-4668-BE54-9A1E7A4F7556}") = "examen", "examen.csproj", "{2B0C138E-009A-4865-A581-C1C2570F99AD}"
EndProject
Global
	GlobalSection(SolutionConfigurationPlatforms) = preSolution
		Debug|Any CPU = Debug|Any CPU
		Release|Any CPU = Release|Any CPU
	EndGlobalSection
	GlobalSection(ProjectConfigurationPlatforms) = postSolution
		{2B0C138E-009A-4865-A581-C1C2570F99AD}.Debug|Any CPU.ActiveCfg = Debug|Any CPU
		{2B0C138E-009A-4865-A581-C1C2570F99AD}.Debug|Any CPU.Build.0 = Debug|Any CPU
		{2B0C138E-009A-4865-A581-C1C2570F99AD}.Release|Any CPU.ActiveCfg = Release|Any CPU
		{2B0C138E-009A-4865-A581-C1C2570F99AD}.Release|Any CPU.Build.0 = Release|Any CPU
	EndGlobalSection
	GlobalSection(SolutionProperties) = preSolution
		HideSolutionNode = FALSE
	EndGlobalSection
	GlobalSection(ExtensibilityGlobals) = postSolution
		SolutionGuid = {534D4199-400C-4896-8660-F0D9D5D5923D}
	EndGlobalSection
EndGlobal
